
Microsoft Visual Studio Solution File, Format Version 12.00
# Visual Studio Version 17
VisualStudioVersion = 17.14.36401.2 d17.14
MinimumVisualStudioVersion = 10.0.40219.1
Project("{FAE04EC0-301F-11D3-BF4B-00C04F79EFBC}") = "MagicVilla", "MagicVilla\MagicVilla.csproj", "{67230C23-B749-49EF-AA22-8FCF5108AB35}"
EndProject
Global
	GlobalSection(SolutionConfigurationPlatforms) = preSolution
		Debug|Any CPU = Debug|Any CPU
		Release|Any CPU = Release|Any CPU
	EndGlobalSection
	GlobalSection(ProjectConfigurationPlatforms) = postSolution
		{67230C23-B749-49EF-AA22-8FCF5108AB35}.Debug|Any CPU.ActiveCfg = Debug|Any CPU
		{67230C23-B749-49EF-AA22-8FCF5108AB35}.Debug|Any CPU.Build.0 = Debug|Any CPU
		{67230C23-B749-49EF-AA22-8FCF5108AB35}.Release|Any CPU.ActiveCfg = Release|Any CPU
		{67230C23-B749-49EF-AA22-8FCF5108AB35}.Release|Any CPU.Build.0 = Release|Any CPU
	EndGlobalSection
	GlobalSection(SolutionProperties) = preSolution
		HideSolutionNode = FALSE
	EndGlobalSection
	GlobalSection(ExtensibilityGlobals) = postSolution
		SolutionGuid = {C18B1E6E-65E1-496B-90FE-F7577DBE6AA8}
	EndGlobalSection
EndGlobal
